<?xml version="1.0" encoding="utf-8"?>
<Project ToolsVersion="4.0" xmlns="http://schemas.microsoft.com/developer/msbuild/2003">
  <ItemGroup>
    <Filter Include="Almond">
      <UniqueIdentifier>{20585EA7-0CFA-887D-F5B4-9CD1E1F50FCE}</UniqueIdentifier>
    </Filter>
    <Filter Include="Almond\Events">
      <UniqueIdentifier>{04A07BE6-7060-F71C-399B-409AA51A3CF9}</UniqueIdentifier>
    </Filter>
    <Filter Include="Platform">
      <UniqueIdentifier>{2AC788B4-1694-E3BF-3FAD-D1672BD9184E}</UniqueIdentifier>
    </Filter>
    <Filter Include="Platform\Windows">
      <UniqueIdentifier>{64FBD71A-50F4-F66C-7926-DCF1657ED678}</UniqueIdentifier>
    </Filter>
  </ItemGroup>
  <ItemGroup>
    <ClInclude Include="src\Almond.h" />
    <ClInclude Include="src\Almond\Application.h">
      <Filter>Almond</Filter>
    </ClInclude>
    <ClInclude Include="src\Almond\Core.h">
      <Filter>Almond</Filter>
    </ClInclude>
    <ClInclude Include="src\Almond\EntryPoint.h">
      <Filter>Almond</Filter>
    </ClInclude>
    <ClInclude Include="src\Almond\Events\ApplicationEvent.h">
      <Filter>Almond\Events</Filter>
    </ClInclude>
    <ClInclude Include="src\Almond\Events\Event.h">
      <Filter>Almond\Events</Filter>
    </ClInclude>
    <ClInclude Include="src\Almond\Events\KeyEvent.h">
      <Filter>Almond\Events</Filter>
    </ClInclude>
    <ClInclude Include="src\Almond\Events\MouseEvent.h">
      <Filter>Almond\Events</Filter>
    </ClInclude>
    <ClInclude Include="src\Almond\Layer.h">
      <Filter>Almond</Filter>
    </ClInclude>
    <ClInclude Include="src\Almond\LayerStack.h">
      <Filter>Almond</Filter>
    </ClInclude>
    <ClInclude Include="src\Almond\Log.h">
      <Filter>Almond</Filter>
    </ClInclude>
    <ClInclude Include="src\Almond\Window.h">
      <Filter>Almond</Filter>
    </ClInclude>
    <ClInclude Include="src\Platform\Windows\WindowsWindow.h">
      <Filter>Platform\Windows</Filter>
    </ClInclude>
    <ClInclude Include="src\ampch.h" />
  </ItemGroup>
  <ItemGroup>
    <ClCompile Include="src\Almond\Application.cpp">
      <Filter>Almond</Filter>
    </ClCompile>
    <ClCompile Include="src\Almond\Layer.cpp">
      <Filter>Almond</Filter>
    </ClCompile>
    <ClCompile Include="src\Almond\LayerStack.cpp">
      <Filter>Almond</Filter>
    </ClCompile>
    <ClCompile Include="src\Almond\Log.cpp">
      <Filter>Almond</Filter>
    </ClCompile>
    <ClCompile Include="src\Platform\Windows\WindowsWindow.cpp">
      <Filter>Platform\Windows</Filter>
    </ClCompile>
    <ClCompile Include="src\ampch.cpp" />
  </ItemGroup>
</Project>